
Microsoft Visual Studio Solution File, Format Version 12.00
# Visual Studio Version 17
VisualStudioVersion = 17.0.31903.59
MinimumVisualStudioVersion = 10.0.40219.1
Project("{FAE04EC0-301F-11D3-BF4B-00C04F79EFBC}") = "mvccorenet8", "mvccorenet8\mvccorenet8.csproj", "{D00DDE6A-6299-4244-A5C9-6AAFFD4FF0B7}"
EndProject
Global
	GlobalSection(SolutionConfigurationPlatforms) = preSolution
		Debug|Any CPU = Debug|Any CPU
		Release|Any CPU = Release|Any CPU
	EndGlobalSection
	GlobalSection(ProjectConfigurationPlatforms) = postSolution
		{D00DDE6A-6299-4244-A5C9-6AAFFD4FF0B7}.Debug|Any CPU.ActiveCfg = Debug|Any CPU
		{D00DDE6A-6299-4244-A5C9-6AAFFD4FF0B7}.Debug|Any CPU.Build.0 = Debug|Any CPU
		{D00DDE6A-6299-4244-A5C9-6AAFFD4FF0B7}.Release|Any CPU.ActiveCfg = Release|Any CPU
		{D00DDE6A-6299-4244-A5C9-6AAFFD4FF0B7}.Release|Any CPU.Build.0 = Release|Any CPU
	EndGlobalSection
	GlobalSection(SolutionProperties) = preSolution
		HideSolutionNode = FALSE
	EndGlobalSection
EndGlobal
